
Microsoft Visual Studio Solution File, Format Version 12.00
# Visual Studio 14
VisualStudioVersion = 14.0.25420.1
MinimumVisualStudioVersion = 10.0.40219.1
Project("{FAE04EC0-301F-11D3-BF4B-00C04F79EFBC}") = "SiloHost", "MyFirstOrleansApp\SiloHost.csproj", "{EF2A776A-BAD0-4D5F-BFE3-3CAD4D28103A}"
EndProject
Project("{FAE04EC0-301F-11D3-BF4B-00C04F79EFBC}") = "MyGrains", "MyGrains\MyGrains.csproj", "{886E9AEB-4B1E-4D84-9423-639F7D830FC4}"
EndProject
Project("{FAE04EC0-301F-11D3-BF4B-00C04F79EFBC}") = "GrainInterfaces", "GrainInterfaces\GrainInterfaces\GrainInterfaces.csproj", "{392B5521-77D4-44AA-B700-E750BB2DFEC8}"
EndProject
Global
	GlobalSection(SolutionConfigurationPlatforms) = preSolution
		Debug|Any CPU = Debug|Any CPU
		Release|Any CPU = Release|Any CPU
	EndGlobalSection
	GlobalSection(ProjectConfigurationPlatforms) = postSolution
		{EF2A776A-BAD0-4D5F-BFE3-3CAD4D28103A}.Debug|Any CPU.ActiveCfg = Debug|Any CPU
		{EF2A776A-BAD0-4D5F-BFE3-3CAD4D28103A}.Debug|Any CPU.Build.0 = Debug|Any CPU
		{EF2A776A-BAD0-4D5F-BFE3-3CAD4D28103A}.Release|Any CPU.ActiveCfg = Release|Any CPU
		{EF2A776A-BAD0-4D5F-BFE3-3CAD4D28103A}.Release|Any CPU.Build.0 = Release|Any CPU
		{886E9AEB-4B1E-4D84-9423-639F7D830FC4}.Debug|Any CPU.ActiveCfg = Debug|Any CPU
		{886E9AEB-4B1E-4D84-9423-639F7D830FC4}.Debug|Any CPU.Build.0 = Debug|Any CPU
		{886E9AEB-4B1E-4D84-9423-639F7D830FC4}.Release|Any CPU.ActiveCfg = Release|Any CPU
		{886E9AEB-4B1E-4D84-9423-639F7D830FC4}.Release|Any CPU.Build.0 = Release|Any CPU
		{392B5521-77D4-44AA-B700-E750BB2DFEC8}.Debug|Any CPU.ActiveCfg = Debug|Any CPU
		{392B5521-77D4-44AA-B700-E750BB2DFEC8}.Debug|Any CPU.Build.0 = Debug|Any CPU
		{392B5521-77D4-44AA-B700-E750BB2DFEC8}.Release|Any CPU.ActiveCfg = Release|Any CPU
		{392B5521-77D4-44AA-B700-E750BB2DFEC8}.Release|Any CPU.Build.0 = Release|Any CPU
	EndGlobalSection
	GlobalSection(SolutionProperties) = preSolution
		HideSolutionNode = FALSE
	EndGlobalSection
EndGlobal
